# This file is automatically @generated by Cargo.
# It is not intended for manual editing.
version = 3

[[package]]
name = "AoClib"
version = "0.1.0"
dependencies = [
 "vector2d",
]

[[package]]
name = "proc_vector2d"
version = "1.0.2"
source = "git+https://gitlab.com/joendter/vec2d-rs.git#c7aea9fa931a63df7854578c73edf3f0c6770050"

[[package]]
name = "vector2d"
version = "2.2.0"
source = "git+https://gitlab.com/joendter/vec2d-rs.git#c7aea9fa931a63df7854578c73edf3f0c6770050"
dependencies = [
 "proc_vector2d",
]
