# This file is automatically @generated by Cargo.
# It is not intended for manual editing.
version = 3

[[package]]
name = "AoClib"
version = "0.1.0"
dependencies = [
 "vector2d",
]

[[package]]
name = "day14"
version = "0.1.0"
dependencies = [
 "AoClib",
 "modular",
 "vector2d",
]

[[package]]
name = "modular"
version = "1.0.0"
source = "registry+https://github.com/rust-lang/crates.io-index"
checksum = "9c2b869408c1be1a4bb10a04220876741ff86dce5b616306ec59ee65fa69c171"

[[package]]
name = "proc_vector2d"
version = "1.0.2"
source = "git+https://gitlab.com/joendter/vec2d-rs.git#c7aea9fa931a63df7854578c73edf3f0c6770050"

[[package]]
name = "vector2d"
version = "2.2.0"
source = "git+https://gitlab.com/joendter/vec2d-rs.git#c7aea9fa931a63df7854578c73edf3f0c6770050"
dependencies = [
 "proc_vector2d",
]
